
Microsoft Visual Studio Solution File, Format Version 12.00
# Visual Studio Version 17
VisualStudioVersion = 17.1.32210.238
MinimumVisualStudioVersion = 10.0.40219.1
Project("{9A19103F-16F7-4668-BE54-9A1E7A4F7556}") = "PhotoLocator", "PhotoLocator\PhotoLocator.csproj", "{D9DD58A6-DE57-4DDB-92A8-2AF08B1D8309}"
EndProject
Project("{2150E333-8FDC-42A3-9474-1A3956D46DE8}") = "Solution Items", "Solution Items", "{93BE1C07-D2CB-4256-ABE6-D7E992C3C6DD}"
	ProjectSection(SolutionItems) = preProject
		.coderabbit.yaml = .coderabbit.yaml
		.editorconfig = .editorconfig
		.gitignore = .gitignore
		.sonarcloud.properties = .sonarcloud.properties
		Directory.Build.props = Directory.Build.props
		.github\workflows\dotnet.yml = .github\workflows\dotnet.yml
		LICENSE = LICENSE
		README.md = README.md
	EndProjectSection
EndProject
Project("{9A19103F-16F7-4668-BE54-9A1E7A4F7556}") = "MapUiTools.WPF", "MapUiTools\WPF\MapUiTools.WPF.csproj", "{F3B40BD6-38BB-4F20-BC77-07C368CE0753}"
EndProject
Project("{9A19103F-16F7-4668-BE54-9A1E7A4F7556}") = "PhotoLocatorTest", "PhotoLocatorTest\PhotoLocatorTest.csproj", "{AF564DC9-3BE9-4D56-9403-017DB2D00A88}"
EndProject
Project("{9A19103F-16F7-4668-BE54-9A1E7A4F7556}") = "PhotoLocator.PhotoshopImageLoader", "PhotoshopImageLoader\PhotoLocator.PhotoshopImageLoader.csproj", "{AB3CFAFD-1E8D-4EC8-9B58-0BA7B8B08198}"
EndProject
Project("{C7167F0D-BC9F-4E6E-AFE1-012C56B48DB5}") = "PhotoLocatorSetup", "PhotoLocatorSetup\PhotoLocatorSetup.wapproj", "{F9135A60-517C-4A74-A6A5-E0BEA43025F8}"
EndProject
Global
	GlobalSection(SolutionConfigurationPlatforms) = preSolution
		Debug|x64 = Debug|x64
		Publish|x64 = Publish|x64
		Release|x64 = Release|x64
	EndGlobalSection
	GlobalSection(ProjectConfigurationPlatforms) = postSolution
		{D9DD58A6-DE57-4DDB-92A8-2AF08B1D8309}.Debug|x64.ActiveCfg = Debug|x64
		{D9DD58A6-DE57-4DDB-92A8-2AF08B1D8309}.Debug|x64.Build.0 = Debug|x64
		{D9DD58A6-DE57-4DDB-92A8-2AF08B1D8309}.Publish|x64.ActiveCfg = Release|x64
		{D9DD58A6-DE57-4DDB-92A8-2AF08B1D8309}.Publish|x64.Build.0 = Release|x64
		{D9DD58A6-DE57-4DDB-92A8-2AF08B1D8309}.Release|x64.ActiveCfg = Release|x64
		{D9DD58A6-DE57-4DDB-92A8-2AF08B1D8309}.Release|x64.Build.0 = Release|x64
		{F3B40BD6-38BB-4F20-BC77-07C368CE0753}.Debug|x64.ActiveCfg = Debug|x64
		{F3B40BD6-38BB-4F20-BC77-07C368CE0753}.Debug|x64.Build.0 = Debug|x64
		{F3B40BD6-38BB-4F20-BC77-07C368CE0753}.Publish|x64.ActiveCfg = Release|x64
		{F3B40BD6-38BB-4F20-BC77-07C368CE0753}.Publish|x64.Build.0 = Release|x64
		{F3B40BD6-38BB-4F20-BC77-07C368CE0753}.Release|x64.ActiveCfg = Release|x64
		{F3B40BD6-38BB-4F20-BC77-07C368CE0753}.Release|x64.Build.0 = Release|x64
		{AF564DC9-3BE9-4D56-9403-017DB2D00A88}.Debug|x64.ActiveCfg = Debug|x64
		{AF564DC9-3BE9-4D56-9403-017DB2D00A88}.Debug|x64.Build.0 = Debug|x64
		{AF564DC9-3BE9-4D56-9403-017DB2D00A88}.Publish|x64.ActiveCfg = Release|x64
		{AF564DC9-3BE9-4D56-9403-017DB2D00A88}.Publish|x64.Build.0 = Release|x64
		{AF564DC9-3BE9-4D56-9403-017DB2D00A88}.Release|x64.ActiveCfg = Release|x64
		{AF564DC9-3BE9-4D56-9403-017DB2D00A88}.Release|x64.Build.0 = Release|x64
		{AB3CFAFD-1E8D-4EC8-9B58-0BA7B8B08198}.Debug|x64.ActiveCfg = Debug|x64
		{AB3CFAFD-1E8D-4EC8-9B58-0BA7B8B08198}.Debug|x64.Build.0 = Debug|x64
		{AB3CFAFD-1E8D-4EC8-9B58-0BA7B8B08198}.Publish|x64.ActiveCfg = Release|x64
		{AB3CFAFD-1E8D-4EC8-9B58-0BA7B8B08198}.Publish|x64.Build.0 = Release|x64
		{AB3CFAFD-1E8D-4EC8-9B58-0BA7B8B08198}.Release|x64.ActiveCfg = Release|x64
		{AB3CFAFD-1E8D-4EC8-9B58-0BA7B8B08198}.Release|x64.Build.0 = Release|x64
		{F9135A60-517C-4A74-A6A5-E0BEA43025F8}.Debug|x64.ActiveCfg = Publish|x64
		{F9135A60-517C-4A74-A6A5-E0BEA43025F8}.Publish|x64.ActiveCfg = Publish|x64
		{F9135A60-517C-4A74-A6A5-E0BEA43025F8}.Publish|x64.Build.0 = Publish|x64
		{F9135A60-517C-4A74-A6A5-E0BEA43025F8}.Publish|x64.Deploy.0 = Publish|x64
		{F9135A60-517C-4A74-A6A5-E0BEA43025F8}.Release|x64.ActiveCfg = Publish|x64
	EndGlobalSection
	GlobalSection(SolutionProperties) = preSolution
		HideSolutionNode = FALSE
	EndGlobalSection
	GlobalSection(ExtensibilityGlobals) = postSolution
		SolutionGuid = {BB38B02A-C3CF-46AC-A108-BA74D4228E97}
	EndGlobalSection
EndGlobal
